
Microsoft Visual Studio Solution File, Format Version 12.00
# Visual Studio Version 17
VisualStudioVersion = 17.14.36623.8 d17.14
MinimumVisualStudioVersion = 10.0.40219.1
Project("{FAE04EC0-301F-11D3-BF4B-00C04F79EFBC}") = "ProjetoEmprestimo", "ProjetoEmprestimo\ProjetoEmprestimo.csproj", "{337C2365-8596-4CE7-B1AF-E528DFF2D07B}"
EndProject
Global
	GlobalSection(SolutionConfigurationPlatforms) = preSolution
		Debug|Any CPU = Debug|Any CPU
		Release|Any CPU = Release|Any CPU
	EndGlobalSection
	GlobalSection(ProjectConfigurationPlatforms) = postSolution
		{337C2365-8596-4CE7-B1AF-E528DFF2D07B}.Debug|Any CPU.ActiveCfg = Debug|Any CPU
		{337C2365-8596-4CE7-B1AF-E528DFF2D07B}.Debug|Any CPU.Build.0 = Debug|Any CPU
		{337C2365-8596-4CE7-B1AF-E528DFF2D07B}.Release|Any CPU.ActiveCfg = Release|Any CPU
		{337C2365-8596-4CE7-B1AF-E528DFF2D07B}.Release|Any CPU.Build.0 = Release|Any CPU
	EndGlobalSection
	GlobalSection(SolutionProperties) = preSolution
		HideSolutionNode = FALSE
	EndGlobalSection
	GlobalSection(ExtensibilityGlobals) = postSolution
		SolutionGuid = {6D55AE00-08CE-4808-A342-58077176A939}
	EndGlobalSection
EndGlobal
